
Microsoft Visual Studio Solution File, Format Version 12.00
# Visual Studio Version 17
VisualStudioVersion = 17.13.36105.23 d17.13
MinimumVisualStudioVersion = 10.0.40219.1
Project("{FAE04EC0-301F-11D3-BF4B-00C04F79EFBC}") = "AccountManagementSystem", "AccountManagementSystem\AccountManagementSystem.csproj", "{047A1A5E-932A-4EAA-825E-3E7DC5C5C522}"
EndProject
Global
	GlobalSection(SolutionConfigurationPlatforms) = preSolution
		Debug|Any CPU = Debug|Any CPU
		Release|Any CPU = Release|Any CPU
	EndGlobalSection
	GlobalSection(ProjectConfigurationPlatforms) = postSolution
		{047A1A5E-932A-4EAA-825E-3E7DC5C5C522}.Debug|Any CPU.ActiveCfg = Debug|Any CPU
		{047A1A5E-932A-4EAA-825E-3E7DC5C5C522}.Debug|Any CPU.Build.0 = Debug|Any CPU
		{047A1A5E-932A-4EAA-825E-3E7DC5C5C522}.Release|Any CPU.ActiveCfg = Release|Any CPU
		{047A1A5E-932A-4EAA-825E-3E7DC5C5C522}.Release|Any CPU.Build.0 = Release|Any CPU
	EndGlobalSection
	GlobalSection(SolutionProperties) = preSolution
		HideSolutionNode = FALSE
	EndGlobalSection
	GlobalSection(ExtensibilityGlobals) = postSolution
		SolutionGuid = {64329760-07DA-467B-8312-D0A04A32781E}
	EndGlobalSection
EndGlobal
